
Microsoft Visual Studio Solution File, Format Version 12.00
# Visual Studio 15
VisualStudioVersion = 15.0.27004.2002
MinimumVisualStudioVersion = 10.0.40219.1
Project("{FAE04EC0-301F-11D3-BF4B-00C04F79EFBC}") = "CA1_SendText", "CA1_SendText\CA1_SendText.csproj", "{33E98E8D-B34A-4350-88A7-5EA89E704AE5}"
EndProject
Project("{FAE04EC0-301F-11D3-BF4B-00C04F79EFBC}") = "CA1_SendText.Tests", "CA1_SendText.Tests\CA1_SendText.Tests.csproj", "{2AF86C04-F983-4A65-932B-9C0CA629033C}"
EndProject
Project("{FAE04EC0-301F-11D3-BF4B-00C04F79EFBC}") = "CA1_SendTextTests", "CA1_SendTextTests\CA1_SendTextTests.csproj", "{97EAB1A6-C9FF-4A20-901C-198B3A393F98}"
EndProject
Global
	GlobalSection(SolutionConfigurationPlatforms) = preSolution
		Debug|Any CPU = Debug|Any CPU
		Release|Any CPU = Release|Any CPU
	EndGlobalSection
	GlobalSection(ProjectConfigurationPlatforms) = postSolution
		{33E98E8D-B34A-4350-88A7-5EA89E704AE5}.Debug|Any CPU.ActiveCfg = Debug|Any CPU
		{33E98E8D-B34A-4350-88A7-5EA89E704AE5}.Debug|Any CPU.Build.0 = Debug|Any CPU
		{33E98E8D-B34A-4350-88A7-5EA89E704AE5}.Release|Any CPU.ActiveCfg = Release|Any CPU
		{33E98E8D-B34A-4350-88A7-5EA89E704AE5}.Release|Any CPU.Build.0 = Release|Any CPU
		{2AF86C04-F983-4A65-932B-9C0CA629033C}.Debug|Any CPU.ActiveCfg = Debug|Any CPU
		{2AF86C04-F983-4A65-932B-9C0CA629033C}.Debug|Any CPU.Build.0 = Debug|Any CPU
		{2AF86C04-F983-4A65-932B-9C0CA629033C}.Release|Any CPU.ActiveCfg = Release|Any CPU
		{2AF86C04-F983-4A65-932B-9C0CA629033C}.Release|Any CPU.Build.0 = Release|Any CPU
		{97EAB1A6-C9FF-4A20-901C-198B3A393F98}.Debug|Any CPU.ActiveCfg = Debug|Any CPU
		{97EAB1A6-C9FF-4A20-901C-198B3A393F98}.Debug|Any CPU.Build.0 = Debug|Any CPU
		{97EAB1A6-C9FF-4A20-901C-198B3A393F98}.Release|Any CPU.ActiveCfg = Release|Any CPU
		{97EAB1A6-C9FF-4A20-901C-198B3A393F98}.Release|Any CPU.Build.0 = Release|Any CPU
	EndGlobalSection
	GlobalSection(SolutionProperties) = preSolution
		HideSolutionNode = FALSE
	EndGlobalSection
	GlobalSection(ExtensibilityGlobals) = postSolution
		SolutionGuid = {B0980641-AFF0-4FA8-AB0A-6FC38A3ACCCE}
	EndGlobalSection
	GlobalSection(TeamFoundationVersionControl) = preSolution
		SccNumberOfProjects = 4
		SccEnterpriseProvider = {4CA58AB2-18FA-4F8D-95D4-32DDF27D184C}
		SccTeamFoundationServer = https://mickerco.visualstudio.com/
		SccLocalPath0 = .
		SccProjectUniqueName1 = CA1_SendText.Tests\\CA1_SendText.Tests.csproj
		SccProjectName1 = CA1_SendText.Tests
		SccLocalPath1 = CA1_SendText.Tests
		SccProjectUniqueName2 = CA1_SendText\\CA1_SendText.csproj
		SccProjectName2 = CA1_SendText
		SccLocalPath2 = CA1_SendText
		SccProjectUniqueName3 = CA1_SendTextTests\\CA1_SendTextTests.csproj
		SccProjectName3 = CA1_SendTextTests
		SccLocalPath3 = CA1_SendTextTests
	EndGlobalSection
EndGlobal
